// !$*UTF8*$!
{
	archiveVersion = 1;
	classes = {
	};
	objectVersion = 55;
	objects = {

/* Begin PBXBuildFile section */
		52D830FED92747C0697D179F /* Pods_HoveringControl.framework in Frameworks */ = {isa = PBXBuildFile; fileRef = FB2650A3F05094D7FF0F31C6 /* Pods_HoveringControl.framework */; };
		A70CF2BF27C37D770047C732 /* AppDelegate.swift in Sources */ = {isa = PBXBuildFile; fileRef = A70CF2BE27C37D770047C732 /* AppDelegate.swift */; };
		A70CF2C127C37D770047C732 /* SceneDelegate.swift in Sources */ = {isa = PBXBuildFile; fileRef = A70CF2C027C37D770047C732 /* SceneDelegate.swift */; };
		A70CF2C327C37D770047C732 /* ViewController.swift in Sources */ = {isa = PBXBuildFile; fileRef = A70CF2C227C37D770047C732 /* ViewController.swift */; };
		A70CF2C627C37D770047C732 /* Main.storyboard in Resources */ = {isa = PBXBuildFile; fileRef = A70CF2C427C37D770047C732 /* Main.storyboard */; };
		A70CF2C827C37D770047C732 /* Assets.xcassets in Resources */ = {isa = PBXBuildFile; fileRef = A70CF2C727C37D770047C732 /* Assets.xcassets */; };
		A70CF2CB27C37D770047C732 /* LaunchScreen.storyboard in Resources */ = {isa = PBXBuildFile; fileRef = A70CF2C927C37D770047C732 /* LaunchScreen.storyboard */; };
		A70CF2D327C3874D0047C732 /* coordinate.swift in Sources */ = {isa = PBXBuildFile; fileRef = A70CF2D227C3874D0047C732 /* coordinate.swift */; };
		A70CF2D527C3AB710047C732 /* socketConnection.swift in Sources */ = {isa = PBXBuildFile; fileRef = A70CF2D427C3AB710047C732 /* socketConnection.swift */; };
		A70CF2D727C3BCD90047C732 /* UDPViewController.swift in Sources */ = {isa = PBXBuildFile; fileRef = A70CF2D627C3BCD90047C732 /* UDPViewController.swift */; };
/* End PBXBuildFile section */

/* Begin PBXFileReference section */
		A70CF2BB27C37D770047C732 /* HoveringControl.app */ = {isa = PBXFileReference; explicitFileType = wrapper.application; includeInIndex = 0; path = HoveringControl.app; sourceTree = BUILT_PRODUCTS_DIR; };
		A70CF2BE27C37D770047C732 /* AppDelegate.swift */ = {isa = PBXFileReference; lastKnownFileType = sourcecode.swift; path = AppDelegate.swift; sourceTree = "<group>"; };
		A70CF2C027C37D770047C732 /* SceneDelegate.swift */ = {isa = PBXFileReference; lastKnownFileType = sourcecode.swift; path = SceneDelegate.swift; sourceTree = "<group>"; };
		A70CF2C227C37D770047C732 /* ViewController.swift */ = {isa = PBXFileReference; lastKnownFileType = sourcecode.swift; path = ViewController.swift; sourceTree = "<group>"; };
		A70CF2C527C37D770047C732 /* Base */ = {isa = PBXFileReference; lastKnownFileType = file.storyboard; name = Base; path = Base.lproj/Main.storyboard; sourceTree = "<group>"; };
		A70CF2C727C37D770047C732 /* Assets.xcassets */ = {isa = PBXFileReference; lastKnownFileType = folder.assetcatalog; path = Assets.xcassets; sourceTree = "<group>"; };
		A70CF2CA27C37D770047C732 /* Base */ = {isa = PBXFileReference; lastKnownFileType = file.storyboard; name = Base; path = Base.lproj/LaunchScreen.storyboard; sourceTree = "<group>"; };
		A70CF2CC27C37D770047C732 /* Info.plist */ = {isa = PBXFileReference; lastKnownFileType = text.plist.xml; path = Info.plist; sourceTree = "<group>"; };
		A70CF2D227C3874D0047C732 /* coordinate.swift */ = {isa = PBXFileReference; lastKnownFileType = sourcecode.swift; path = coordinate.swift; sourceTree = "<group>"; };
		A70CF2D427C3AB710047C732 /* socketConnection.swift */ = {isa = PBXFileReference; lastKnownFileType = sourcecode.swift; path = socketConnection.swift; sourceTree = "<group>"; };
		A70CF2D627C3BCD90047C732 /* UDPViewController.swift */ = {isa = PBXFileReference; lastKnownFileType = sourcecode.swift; path = UDPViewController.swift; sourceTree = "<group>"; };
		DD92D7E61E46855D7265C1B3 /* Pods-HoveringControl.debug.xcconfig */ = {isa = PBXFileReference; includeInIndex = 1; lastKnownFileType = text.xcconfig; name = "Pods-HoveringControl.debug.xcconfig"; path = "Target Support Files/Pods-HoveringControl/Pods-HoveringControl.debug.xcconfig"; sourceTree = "<group>"; };
		F743009B3D45DD85C1330005 /* Pods-HoveringControl.release.xcconfig */ = {isa = PBXFileReference; includeInIndex = 1; lastKnownFileType = text.xcconfig; name = "Pods-HoveringControl.release.xcconfig"; path = "Target Support Files/Pods-HoveringControl/Pods-HoveringControl.release.xcconfig"; sourceTree = "<group>"; };
		FB2650A3F05094D7FF0F31C6 /* Pods_HoveringControl.framework */ = {isa = PBXFileReference; explicitFileType = wrapper.framework; includeInIndex = 0; path = Pods_HoveringControl.framework; sourceTree = BUILT_PRODUCTS_DIR; };
/* End PBXFileReference section */

/* Begin PBXFrameworksBuildPhase section */
		A70CF2B827C37D770047C732 /* Frameworks */ = {
			isa = PBXFrameworksBuildPhase;
			buildActionMask = 2147483647;
			files = (
				52D830FED92747C0697D179F /* Pods_HoveringControl.framework in Frameworks */,
			);
			runOnlyForDeploymentPostprocessing = 0;
		};
/* End PBXFrameworksBuildPhase section */

/* Begin PBXGroup section */
		3CDCF331DB71390CA0D2B7B5 /* Frameworks */ = {
			isa = PBXGroup;
			children = (
				FB2650A3F05094D7FF0F31C6 /* Pods_HoveringControl.framework */,
			);
			name = Frameworks;
			sourceTree = "<group>";
		};
		7A103B7A90920A5813FFE808 /* Pods */ = {
			isa = PBXGroup;
			children = (
				DD92D7E61E46855D7265C1B3 /* Pods-HoveringControl.debug.xcconfig */,
				F743009B3D45DD85C1330005 /* Pods-HoveringControl.release.xcconfig */,
			);
			path = Pods;
			sourceTree = "<group>";
		};
		A70CF2B227C37D770047C732 = {
			isa = PBXGroup;
			children = (
				A70CF2BD27C37D770047C732 /* HoveringControl */,
				A70CF2BC27C37D770047C732 /* Products */,
				7A103B7A90920A5813FFE808 /* Pods */,
				3CDCF331DB71390CA0D2B7B5 /* Frameworks */,
			);
			sourceTree = "<group>";
		};
		A70CF2BC27C37D770047C732 /* Products */ = {
			isa = PBXGroup;
			children = (
				A70CF2BB27C37D770047C732 /* HoveringControl.app */,
			);
			name = Products;
			sourceTree = "<group>";
		};
		A70CF2BD27C37D770047C732 /* HoveringControl */ = {
			isa = PBXGroup;
			children = (
				A70CF2BE27C37D770047C732 /* AppDelegate.swift */,
				A70CF2C027C37D770047C732 /* SceneDelegate.swift */,
				A70CF2C227C37D770047C732 /* ViewController.swift */,
				A70CF2D627C3BCD90047C732 /* UDPViewController.swift */,
				A70CF2D227C3874D0047C732 /* coordinate.swift */,
				A70CF2D427C3AB710047C732 /* socketConnection.swift */,
				A70CF2C427C37D770047C732 /* Main.storyboard */,
				A70CF2C727C37D770047C732 /* Assets.xcassets */,
				A70CF2C927C37D770047C732 /* LaunchScreen.storyboard */,
				A70CF2CC27C37D770047C732 /* Info.plist */,
			);
			path = HoveringControl;
			sourceTree = "<group>";
		};
/* End PBXGroup section */

/* Begin PBXNativeTarget section */
		A70CF2BA27C37D770047C732 /* HoveringControl */ = {
			isa = PBXNativeTarget;
			buildConfigurationList = A70CF2CF27C37D770047C732 /* Build configuration list for PBXNativeTarget "HoveringControl" */;
			buildPhases = (
				21A1320FD5E0D6B7C98E0EE1 /* [CP] Check Pods Manifest.lock */,
				A70CF2B727C37D770047C732 /* Sources */,
				A70CF2B827C37D770047C732 /* Frameworks */,
				A70CF2B927C37D770047C732 /* Resources */,
				DBA3F3AD88BA8860BF623ED0 /* [CP] Embed Pods Frameworks */,
			);
			buildRules = (
			);
			dependencies = (
			);
			name = HoveringControl;
			productName = HoveringControl;
			productReference = A70CF2BB27C37D770047C732 /* HoveringControl.app */;
			productType = "com.apple.product-type.application";
		};
/* End PBXNativeTarget section */

/* Begin PBXProject section */
		A70CF2B327C37D770047C732 /* Project object */ = {
			isa = PBXProject;
			attributes = {
				BuildIndependentTargetsInParallel = 1;
				LastSwiftUpdateCheck = 1320;
				LastUpgradeCheck = 1320;
				TargetAttributes = {
					A70CF2BA27C37D770047C732 = {
						CreatedOnToolsVersion = 13.2;
					};
				};
			};
			buildConfigurationList = A70CF2B627C37D770047C732 /* Build configuration list for PBXProject "HoveringControl" */;
			compatibilityVersion = "Xcode 13.0";
			developmentRegion = en;
			hasScannedForEncodings = 0;
			knownRegions = (
				en,
				Base,
			);
			mainGroup = A70CF2B227C37D770047C732;
			productRefGroup = A70CF2BC27C37D770047C732 /* Products */;
			projectDirPath = "";
			projectRoot = "";
			targets = (
				A70CF2BA27C37D770047C732 /* HoveringControl */,
			);
		};
/* End PBXProject section */

/* Begin PBXResourcesBuildPhase section */
		A70CF2B927C37D770047C732 /* Resources */ = {
			isa = PBXResourcesBuildPhase;
			buildActionMask = 2147483647;
			files = (
				A70CF2CB27C37D770047C732 /* LaunchScreen.storyboard in Resources */,
				A70CF2C827C37D770047C732 /* Assets.xcassets in Resources */,
				A70CF2C627C37D770047C732 /* Main.storyboard in Resources */,
			);
			runOnlyForDeploymentPostprocessing = 0;
		};
/* End PBXResourcesBuildPhase section */

/* Begin PBXShellScriptBuildPhase section */
		21A1320FD5E0D6B7C98E0EE1 /* [CP] Check Pods Manifest.lock */ = {
			isa = PBXShellScriptBuildPhase;
			buildActionMask = 2147483647;
			files = (
			);
			inputFileListPaths = (
			);
			inputPaths = (
				"${PODS_PODFILE_DIR_PATH}/Podfile.lock",
				"${PODS_ROOT}/Manifest.lock",
			);
			name = "[CP] Check Pods Manifest.lock";
			outputFileListPaths = (
			);
			outputPaths = (
				"$(DERIVED_FILE_DIR)/Pods-HoveringControl-checkManifestLockResult.txt",
			);
			runOnlyForDeploymentPostprocessing = 0;
			shellPath = /bin/sh;
			shellScript = "diff \"${PODS_PODFILE_DIR_PATH}/Podfile.lock\" \"${PODS_ROOT}/Manifest.lock\" > /dev/null\nif [ $? != 0 ] ; then\n    # print error to STDERR\n    echo \"error: The sandbox is not in sync with the Podfile.lock. Run 'pod install' or update your CocoaPods installation.\" >&2\n    exit 1\nfi\n# This output is used by Xcode 'outputs' to avoid re-running this script phase.\necho \"SUCCESS\" > \"${SCRIPT_OUTPUT_FILE_0}\"\n";
			showEnvVarsInLog = 0;
		};
		DBA3F3AD88BA8860BF623ED0 /* [CP] Embed Pods Frameworks */ = {
			isa = PBXShellScriptBuildPhase;
			buildActionMask = 2147483647;
			files = (
			);
			inputFileListPaths = (
				"${PODS_ROOT}/Target Support Files/Pods-HoveringControl/Pods-HoveringControl-frameworks-${CONFIGURATION}-input-files.xcfilelist",
			);
			name = "[CP] Embed Pods Frameworks";
			outputFileListPaths = (
				"${PODS_ROOT}/Target Support Files/Pods-HoveringControl/Pods-HoveringControl-frameworks-${CONFIGURATION}-output-files.xcfilelist",
			);
			runOnlyForDeploymentPostprocessing = 0;
			shellPath = /bin/sh;
			shellScript = "\"${PODS_ROOT}/Target Support Files/Pods-HoveringControl/Pods-HoveringControl-frameworks.sh\"\n";
			showEnvVarsInLog = 0;
		};
/* End PBXShellScriptBuildPhase section */

/* Begin PBXSourcesBuildPhase section */
		A70CF2B727C37D770047C732 /* Sources */ = {
			isa = PBXSourcesBuildPhase;
			buildActionMask = 2147483647;
			files = (
				A70CF2C327C37D770047C732 /* ViewController.swift in Sources */,
				A70CF2BF27C37D770047C732 /* AppDelegate.swift in Sources */,
				A70CF2D727C3BCD90047C732 /* UDPViewController.swift in Sources */,
				A70CF2C127C37D770047C732 /* SceneDelegate.swift in Sources */,
				A70CF2D527C3AB710047C732 /* socketConnection.swift in Sources */,
				A70CF2D327C3874D0047C732 /* coordinate.swift in Sources */,
			);
			runOnlyForDeploymentPostprocessing = 0;
		};
/* End PBXSourcesBuildPhase section */

/* Begin PBXVariantGroup section */
		A70CF2C427C37D770047C732 /* Main.storyboard */ = {
			isa = PBXVariantGroup;
			children = (
				A70CF2C527C37D770047C732 /* Base */,
			);
			name = Main.storyboard;
			sourceTree = "<group>";
		};
		A70CF2C927C37D770047C732 /* LaunchScreen.storyboard */ = {
			isa = PBXVariantGroup;
			children = (
				A70CF2CA27C37D770047C732 /* Base */,
			);
			name = LaunchScreen.storyboard;
			sourceTree = "<group>";
		};
/* End PBXVariantGroup section */

/* Begin XCBuildConfiguration section */
		A70CF2CD27C37D770047C732 /* Debug */ = {
			isa = XCBuildConfiguration;
			buildSettings = {
				ALWAYS_SEARCH_USER_PATHS = NO;
				CLANG_ANALYZER_NONNULL = YES;
				CLANG_ANALYZER_NUMBER_OBJECT_CONVERSION = YES_AGGRESSIVE;
				CLANG_CXX_LANGUAGE_STANDARD = "gnu++17";
				CLANG_CXX_LIBRARY = "libc++";
				CLANG_ENABLE_MODULES = YES;
				CLANG_ENABLE_OBJC_ARC = YES;
				CLANG_ENABLE_OBJC_WEAK = YES;
				CLANG_WARN_BLOCK_CAPTURE_AUTORELEASING = YES;
				CLANG_WARN_BOOL_CONVERSION = YES;
				CLANG_WARN_COMMA = YES;
				CLANG_WARN_CONSTANT_CONVERSION = YES;
				CLANG_WARN_DEPRECATED_OBJC_IMPLEMENTATIONS = YES;
				CLANG_WARN_DIRECT_OBJC_ISA_USAGE = YES_ERROR;
				CLANG_WARN_DOCUMENTATION_COMMENTS = YES;
				CLANG_WARN_EMPTY_BODY = YES;
				CLANG_WARN_ENUM_CONVERSION = YES;
				CLANG_WARN_INFINITE_RECURSION = YES;
				CLANG_WARN_INT_CONVERSION = YES;
				CLANG_WARN_NON_LITERAL_NULL_CONVERSION = YES;
				CLANG_WARN_OBJC_IMPLICIT_RETAIN_SELF = YES;
				CLANG_WARN_OBJC_LITERAL_CONVERSION = YES;
				CLANG_WARN_OBJC_ROOT_CLASS = YES_ERROR;
				CLANG_WARN_QUOTED_INCLUDE_IN_FRAMEWORK_HEADER = YES;
				CLANG_WARN_RANGE_LOOP_ANALYSIS = YES;
				CLANG_WARN_STRICT_PROTOTYPES = YES;
				CLANG_WARN_SUSPICIOUS_MOVE = YES;
				CLANG_WARN_UNGUARDED_AVAILABILITY = YES_AGGRESSIVE;
				CLANG_WARN_UNREACHABLE_CODE = YES;
				CLANG_WARN__DUPLICATE_METHOD_MATCH = YES;
				COPY_PHASE_STRIP = NO;
				DEBUG_INFORMATION_FORMAT = dwarf;
				ENABLE_STRICT_OBJC_MSGSEND = YES;
				ENABLE_TESTABILITY = YES;
				GCC_C_LANGUAGE_STANDARD = gnu11;
				GCC_DYNAMIC_NO_PIC = NO;
				GCC_NO_COMMON_BLOCKS = YES;
				GCC_OPTIMIZATION_LEVEL = 0;
				GCC_PREPROCESSOR_DEFINITIONS = (
					"DEBUG=1",
					"$(inherited)",
				);
				GCC_WARN_64_TO_32_BIT_CONVERSION = YES;
				GCC_WARN_ABOUT_RETURN_TYPE = YES_ERROR;
				GCC_WARN_UNDECLARED_SELECTOR = YES;
				GCC_WARN_UNINITIALIZED_AUTOS = YES_AGGRESSIVE;
				GCC_WARN_UNUSED_FUNCTION = YES;
				GCC_WARN_UNUSED_VARIABLE = YES;
				IPHONEOS_DEPLOYMENT_TARGET = 15.2;
				MTL_ENABLE_DEBUG_INFO = INCLUDE_SOURCE;
				MTL_FAST_MATH = YES;
				ONLY_ACTIVE_ARCH = YES;
				SDKROOT = iphoneos;
				SWIFT_ACTIVE_COMPILATION_CONDITIONS = DEBUG;
				SWIFT_OPTIMIZATION_LEVEL = "-Onone";
			};
			name = Debug;
		};
		A70CF2CE27C37D770047C732 /* Release */ = {
			isa = XCBuildConfiguration;
			buildSettings = {
				ALWAYS_SEARCH_USER_PATHS = NO;
				CLANG_ANALYZER_NONNULL = YES;
				CLANG_ANALYZER_NUMBER_OBJECT_CONVERSION = YES_AGGRESSIVE;
				CLANG_CXX_LANGUAGE_STANDARD = "gnu++17";
				CLANG_CXX_LIBRARY = "libc++";
				CLANG_ENABLE_MODULES = YES;
				CLANG_ENABLE_OBJC_ARC = YES;
				CLANG_ENABLE_OBJC_WEAK = YES;
				CLANG_WARN_BLOCK_CAPTURE_AUTORELEASING = YES;
				CLANG_WARN_BOOL_CONVERSION = YES;
				CLANG_WARN_COMMA = YES;
				CLANG_WARN_CONSTANT_CONVERSION = YES;
				CLANG_WARN_DEPRECATED_OBJC_IMPLEMENTATIONS = YES;
				CLANG_WARN_DIRECT_OBJC_ISA_USAGE = YES_ERROR;
				CLANG_WARN_DOCUMENTATION_COMMENTS = YES;
				CLANG_WARN_EMPTY_BODY = YES;
				CLANG_WARN_ENUM_CONVERSION = YES;
				CLANG_WARN_INFINITE_RECURSION = YES;
				CLANG_WARN_INT_CONVERSION = YES;
				CLANG_WARN_NON_LITERAL_NULL_CONVERSION = YES;
				CLANG_WARN_OBJC_IMPLICIT_RETAIN_SELF = YES;
				CLANG_WARN_OBJC_LITERAL_CONVERSION = YES;
				CLANG_WARN_OBJC_ROOT_CLASS = YES_ERROR;
				CLANG_WARN_QUOTED_INCLUDE_IN_FRAMEWORK_HEADER = YES;
				CLANG_WARN_RANGE_LOOP_ANALYSIS = YES;
				CLANG_WARN_STRICT_PROTOTYPES = YES;
				CLANG_WARN_SUSPICIOUS_MOVE = YES;
				CLANG_WARN_UNGUARDED_AVAILABILITY = YES_AGGRESSIVE;
				CLANG_WARN_UNREACHABLE_CODE = YES;
				CLANG_WARN__DUPLICATE_METHOD_MATCH = YES;
				COPY_PHASE_STRIP = NO;
				DEBUG_INFORMATION_FORMAT = "dwarf-with-dsym";
				ENABLE_NS_ASSERTIONS = NO;
				ENABLE_STRICT_OBJC_MSGSEND = YES;
				GCC_C_LANGUAGE_STANDARD = gnu11;
				GCC_NO_COMMON_BLOCKS = YES;
				GCC_WARN_64_TO_32_BIT_CONVERSION = YES;
				GCC_WARN_ABOUT_RETURN_TYPE = YES_ERROR;
				GCC_WARN_UNDECLARED_SELECTOR = YES;
				GCC_WARN_UNINITIALIZED_AUTOS = YES_AGGRESSIVE;
				GCC_WARN_UNUSED_FUNCTION = YES;
				GCC_WARN_UNUSED_VARIABLE = YES;
				IPHONEOS_DEPLOYMENT_TARGET = 15.2;
				MTL_ENABLE_DEBUG_INFO = NO;
				MTL_FAST_MATH = YES;
				SDKROOT = iphoneos;
				SWIFT_COMPILATION_MODE = wholemodule;
				SWIFT_OPTIMIZATION_LEVEL = "-O";
				VALIDATE_PRODUCT = YES;
			};
			name = Release;
		};
		A70CF2D027C37D770047C732 /* Debug */ = {
			isa = XCBuildConfiguration;
			baseConfigurationReference = DD92D7E61E46855D7265C1B3 /* Pods-HoveringControl.debug.xcconfig */;
			buildSettings = {
				ASSETCATALOG_COMPILER_APPICON_NAME = AppIcon;
				ASSETCATALOG_COMPILER_GLOBAL_ACCENT_COLOR_NAME = AccentColor;
				CODE_SIGN_STYLE = Automatic;
				CURRENT_PROJECT_VERSION = 1;
				DEVELOPMENT_TEAM = KP3Q74P96R;
				GENERATE_INFOPLIST_FILE = YES;
				INFOPLIST_FILE = HoveringControl/Info.plist;
				INFOPLIST_KEY_UIApplicationSupportsIndirectInputEvents = YES;
				INFOPLIST_KEY_UILaunchStoryboardName = LaunchScreen;
				INFOPLIST_KEY_UIMainStoryboardFile = Main;
				INFOPLIST_KEY_UISupportedInterfaceOrientations_iPad = "UIInterfaceOrientationPortrait UIInterfaceOrientationPortraitUpsideDown UIInterfaceOrientationLandscapeLeft UIInterfaceOrientationLandscapeRight";
				INFOPLIST_KEY_UISupportedInterfaceOrientations_iPhone = "UIInterfaceOrientationPortrait UIInterfaceOrientationLandscapeLeft UIInterfaceOrientationLandscapeRight";
				LD_RUNPATH_SEARCH_PATHS = (
					"$(inherited)",
					"@executable_path/Frameworks",
				);
				MARKETING_VERSION = 1.0;
				PRODUCT_BUNDLE_IDENTIFIER = com.junghun.HoveringControl;
				PRODUCT_NAME = "$(TARGET_NAME)";
				SWIFT_EMIT_LOC_STRINGS = YES;
				SWIFT_VERSION = 5.0;
				TARGETED_DEVICE_FAMILY = "1,2";
			};
			name = Debug;
		};
		A70CF2D127C37D770047C732 /* Release */ = {
			isa = XCBuildConfiguration;
			baseConfigurationReference = F743009B3D45DD85C1330005 /* Pods-HoveringControl.release.xcconfig */;
			buildSettings = {
				ASSETCATALOG_COMPILER_APPICON_NAME = AppIcon;
				ASSETCATALOG_COMPILER_GLOBAL_ACCENT_COLOR_NAME = AccentColor;
				CODE_SIGN_STYLE = Automatic;
				CURRENT_PROJECT_VERSION = 1;
				DEVELOPMENT_TEAM = KP3Q74P96R;
				GENERATE_INFOPLIST_FILE = YES;
				INFOPLIST_FILE = HoveringControl/Info.plist;
				INFOPLIST_KEY_UIApplicationSupportsIndirectInputEvents = YES;
				INFOPLIST_KEY_UILaunchStoryboardName = LaunchScreen;
				INFOPLIST_KEY_UIMainStoryboardFile = Main;
				INFOPLIST_KEY_UISupportedInterfaceOrientations_iPad = "UIInterfaceOrientationPortrait UIInterfaceOrientationPortraitUpsideDown UIInterfaceOrientationLandscapeLeft UIInterfaceOrientationLandscapeRight";
				INFOPLIST_KEY_UISupportedInterfaceOrientations_iPhone = "UIInterfaceOrientationPortrait UIInterfaceOrientationLandscapeLeft UIInterfaceOrientationLandscapeRight";
				LD_RUNPATH_SEARCH_PATHS = (
					"$(inherited)",
					"@executable_path/Frameworks",
				);
				MARKETING_VERSION = 1.0;
				PRODUCT_BUNDLE_IDENTIFIER = com.junghun.HoveringControl;
				PRODUCT_NAME = "$(TARGET_NAME)";
				SWIFT_EMIT_LOC_STRINGS = YES;
				SWIFT_VERSION = 5.0;
				TARGETED_DEVICE_FAMILY = "1,2";
			};
			name = Release;
		};
/* End XCBuildConfiguration section */

/* Begin XCConfigurationList section */
		A70CF2B627C37D770047C732 /* Build configuration list for PBXProject "HoveringControl" */ = {
			isa = XCConfigurationList;
			buildConfigurations = (
				A70CF2CD27C37D770047C732 /* Debug */,
				A70CF2CE27C37D770047C732 /* Release */,
			);
			defaultConfigurationIsVisible = 0;
			defaultConfigurationName = Release;
		};
		A70CF2CF27C37D770047C732 /* Build configuration list for PBXNativeTarget "HoveringControl" */ = {
			isa = XCConfigurationList;
			buildConfigurations = (
				A70CF2D027C37D770047C732 /* Debug */,
				A70CF2D127C37D770047C732 /* Release */,
			);
			defaultConfigurationIsVisible = 0;
			defaultConfigurationName = Release;
		};
/* End XCConfigurationList section */
	};
	rootObject = A70CF2B327C37D770047C732 /* Project object */;
}
